# This file is automatically @generated by Cargo.
# It is not intended for manual editing.
version = 4

[[package]]
name = "systui-actions"
version = "0.1.0"

[[package]]
name = "systui-cli"
version = "0.1.0"

[[package]]
name = "systui-collectors"
version = "0.1.0"

[[package]]
name = "systui-core"
version = "0.1.0"

[[package]]
name = "systui-report"
version = "0.1.0"

[[package]]
name = "systui-security"
version = "0.1.0"

[[package]]
name = "systui-storage"
version = "0.1.0"

[[package]]
name = "systui-testkit"
version = "0.1.0"

[[package]]
name = "systui-transport"
version = "0.1.0"

[[package]]
name = "systui-ui"
version = "0.1.0"
